{
  "name": "@nzz/q-editor",
  "version": "4.0.0",
  "lockfileVersion": 1,
  "requires": true,
  "dependencies": {
    "@hapi/accept": {
      "version": "3.2.2",
      "resolved": "https://registry.npmjs.org/@hapi/accept/-/accept-3.2.2.tgz",
      "integrity": "sha512-UtXlTT59srtMr7ZRBzK2CvyWqFwlf78hPt9jEXqkwfbwiwRH1PRv/qkS8lgr5ZyoG6kfpU3xTgt2X91Yfe/6Yg==",
      "requires": {
        "@hapi/boom": "7.4.2",
        "@hapi/hoek": "6.2.1"
      }
    },
    "@hapi/address": {
      "version": "2.0.0",
      "resolved": "https://registry.npmjs.org/@hapi/address/-/address-2.0.0.tgz",
      "integrity": "sha512-mV6T0IYqb0xL1UALPFplXYQmR0twnXG0M6jUswpquqT2sD12BOiCiLy3EvMp/Fy7s3DZElC4/aPjEjo2jeZpvw=="
    },
    "@hapi/ammo": {
      "version": "3.1.0",
      "resolved": "https://registry.npmjs.org/@hapi/ammo/-/ammo-3.1.0.tgz",
      "integrity": "sha512-iFQBEfm3WwWy8JdPQ8l6qXVLPtzmjITVfaxwl6dfoP8kKv6i2Uk43Ax+ShkNfOVyfEnNggqL2IyZTY3DaaRGNg==",
      "requires": {
        "@hapi/hoek": "6.2.1"
      }
    },
    "@hapi/b64": {
      "version": "4.2.0",
      "resolved": "https://registry.npmjs.org/@hapi/b64/-/b64-4.2.0.tgz",
      "integrity": "sha512-hmfPC1aF7cP21489A/IWPC3s1GE+1eAteVwFcOWLwj0Pky8eHgvrXPSSko2IeCpxqOdZhYw71IFN8xKPdv3CtQ==",
      "requires": {
        "@hapi/hoek": "6.2.1"
      }
    },
    "@hapi/boom": {
      "version": "7.4.2",
      "resolved": "https://registry.npmjs.org/@hapi/boom/-/boom-7.4.2.tgz",
      "integrity": "sha512-T2CYcTI0AqSvC6YC7keu/fh9LVSMzfoMLharBnPbOwmc+Cexj9joIc5yNDKunaxYq9LPuOwMS0f2B3S1tFQUNw==",
      "requires": {
        "@hapi/hoek": "6.2.1"
      }
    },
    "@hapi/bounce": {
      "version": "1.3.0",
      "resolved": "https://registry.npmjs.org/@hapi/bounce/-/bounce-1.3.0.tgz",
      "integrity": "sha512-gF5W/9AL10h/06HEf1bi0FP6KxZZ8LC/yHtDuoACw+1HrULvigHfnBIaSPFJXeHI3V3g0EkJpt1UOW0NKB+m+w==",
      "requires": {
        "@hapi/boom": "7.4.2",
        "@hapi/hoek": "6.2.1"
      }
    },
    "@hapi/bourne": {
      "version": "1.3.2",
      "resolved": "https://registry.npmjs.org/@hapi/bourne/-/bourne-1.3.2.tgz",
      "integrity": "sha512-1dVNHT76Uu5N3eJNTYcvxee+jzX4Z9lfciqRRHCU27ihbUcYi+iSc2iml5Ke1LXe1SyJCLA0+14Jh4tXJgOppA=="
    },
    "@hapi/call": {
      "version": "5.1.0",
      "resolved": "https://registry.npmjs.org/@hapi/call/-/call-5.1.0.tgz",
      "integrity": "sha512-CiVEXjD/jiIHBqufBW3pdedshEMjRmHtff7m1puot8j4MUmuKRbLlh0DB8fv6QqH/7/55pH1qgFj300r0WpyMw==",
      "requires": {
        "@hapi/boom": "7.4.2",
        "@hapi/hoek": "6.2.1"
      }
    },
    "@hapi/catbox": {
      "version": "10.2.1",
      "resolved": "https://registry.npmjs.org/@hapi/catbox/-/catbox-10.2.1.tgz",
      "integrity": "sha512-u13BXlnmmrNUZssjTriRVTLuk6I/yUy5C1/Pia1+E2cpfd7o2/jmEvYdFgeS0Ft9QTz7WWhpXKlrguARUuohhQ==",
      "requires": {
        "@hapi/boom": "7.4.2",
        "@hapi/hoek": "6.2.1",
        "@hapi/joi": "15.0.0",
        "@hapi/podium": "3.4.0"
      }
    },
    "@hapi/catbox-memory": {
      "version": "4.1.0",
      "resolved": "https://registry.npmjs.org/@hapi/catbox-memory/-/catbox-memory-4.1.0.tgz",
      "integrity": "sha512-libCGyufOZaJu6uE9nVXw/u8tqOt4ifNIrOSAsDjzS+af3vPJyid8faOICqKCAh3E338UAsUe5AeYdezdsmtpg==",
      "requires": {
        "@hapi/boom": "7.4.2",
        "@hapi/hoek": "6.2.1"
      }
    },
    "@hapi/content": {
      "version": "4.1.0",
      "resolved": "https://registry.npmjs.org/@hapi/content/-/content-4.1.0.tgz",
      "integrity": "sha512-hv2Czsl49hnWDEfRZOFow/BmYbKyfEknmk3k83gOp6moFn5ceHB4xVcna8OwsGfy8dxO81lhpPy+JgQEaU4SWw==",
      "requires": {
        "@hapi/boom": "7.4.2"
      }
    },
    "@hapi/cryptiles": {
      "version": "4.2.0",
      "resolved": "https://registry.npmjs.org/@hapi/cryptiles/-/cryptiles-4.2.0.tgz",
      "integrity": "sha512-P+ioMP1JGhwDOKPRuQls6sT/ln6Fk+Ks6d90mlBi6HcOu5itvdUiFv5Ynq2DvLadPDWaA43lwNxkfZrjE9s2MA==",
      "requires": {
        "@hapi/boom": "7.4.2"
      }
    },
    "@hapi/hapi": {
      "version": "18.3.1",
      "resolved": "https://registry.npmjs.org/@hapi/hapi/-/hapi-18.3.1.tgz",
      "integrity": "sha512-gBiU9isWWezrg0ucX95Ph6AY6fUKZub3FxKapaleoFBJDOUcxTYiQR6Lha2zvHalIFoTl3K04O3Yr/5pD17QkQ==",
      "requires": {
        "@hapi/accept": "3.2.2",
        "@hapi/ammo": "3.1.0",
        "@hapi/boom": "7.4.2",
        "@hapi/bounce": "1.3.0",
        "@hapi/call": "5.1.0",
        "@hapi/catbox": "10.2.1",
        "@hapi/catbox-memory": "4.1.0",
        "@hapi/heavy": "6.2.0",
        "@hapi/hoek": "6.2.1",
        "@hapi/joi": "15.0.0",
        "@hapi/mimos": "4.1.0",
        "@hapi/podium": "3.4.0",
        "@hapi/shot": "4.1.0",
        "@hapi/somever": "2.1.0",
        "@hapi/statehood": "6.1.0",
        "@hapi/subtext": "6.1.0",
        "@hapi/teamwork": "3.3.1",
        "@hapi/topo": "3.1.0"
      }
    },
    "@hapi/heavy": {
      "version": "6.2.0",
      "resolved": "https://registry.npmjs.org/@hapi/heavy/-/heavy-6.2.0.tgz",
      "integrity": "sha512-tzGU9cElY0IxRBudGB7tLFkdpBD8XQPfd6G7DSOnvHRK+q96UHGHn4t59Yd7kDpVucNkErWWYarsGx2KmKPkXA==",
      "requires": {
        "@hapi/boom": "7.4.2",
        "@hapi/hoek": "6.2.1",
        "@hapi/joi": "15.0.0"
      }
    },
    "@hapi/hoek": {
      "version": "6.2.1",
      "resolved": "https://registry.npmjs.org/@hapi/hoek/-/hoek-6.2.1.tgz",
      "integrity": "sha512-+ryw4GU9pjr1uT6lBuErHJg3NYqzwJTvZ75nKuJijEzpd00Uqi6oiawTGDDf5Hl0zWmI7qHfOtaqB0kpQZJQzA=="
    },
    "@hapi/inert": {
      "version": "5.2.0",
      "resolved": "https://registry.npmjs.org/@hapi/inert/-/inert-5.2.0.tgz",
      "integrity": "sha512-ytsYA46CQOj8AJ3j4keRMj0S1k2XPMuhrlxo/uBY3EJvfRlRs8LtIBIYDW+kmcAqnVaZggcYq4ngKt9H/eEIAA==",
      "requires": {
        "@hapi/ammo": "3.1.0",
        "@hapi/boom": "7.4.2",
        "@hapi/bounce": "1.3.0",
        "@hapi/hoek": "6.2.1",
        "@hapi/joi": "15.0.0",
        "lru-cache": "4.1.1"
      }
    },
    "@hapi/iron": {
      "version": "5.1.0",
      "resolved": "https://registry.npmjs.org/@hapi/iron/-/iron-5.1.0.tgz",
      "integrity": "sha512-+MK3tBPkEKd50SrDTRXa2DVvE0UTPFKxGbodlbQpNP9SVlxi+ZwA640VJtMNj84FZh81UUxda8AOLPRKFffnEA==",
      "requires": {
        "@hapi/b64": "4.2.0",
        "@hapi/boom": "7.4.2",
        "@hapi/cryptiles": "4.2.0",
        "@hapi/hoek": "6.2.1"
      }
    },
    "@hapi/joi": {
      "version": "15.0.0",
      "resolved": "https://registry.npmjs.org/@hapi/joi/-/joi-15.0.0.tgz",
      "integrity": "sha512-pLCfcSeT26g59jEKZntmzlqe19dRMDNxCFKGD4CriF8+9FAD3Mq1aWNuKIFpKpX+u3x8lxLKXolDwk0gYl3b2w==",
      "requires": {
        "@hapi/address": "2.0.0",
        "@hapi/hoek": "6.2.1",
        "@hapi/topo": "3.1.0"
      }
    },
    "@hapi/mimos": {
      "version": "4.1.0",
      "resolved": "https://registry.npmjs.org/@hapi/mimos/-/mimos-4.1.0.tgz",
      "integrity": "sha512-CkxOB15TFZDMl5tQ5qezKZvvBnkRYVc8YksNfA5TnqQMMsU7vGPyvuuNFqj+15bfEwHyM6qasxyQNdkX9B/cQw==",
      "requires": {
        "@hapi/hoek": "6.2.1",
        "mime-db": "1.40.0"
      }
    },
    "@hapi/nigel": {
      "version": "3.1.0",
      "resolved": "https://registry.npmjs.org/@hapi/nigel/-/nigel-3.1.0.tgz",
      "integrity": "sha512-IJyau32pz5Bf7pzUU/8AIn/SvPvhLMQcOel6kM7ECpKyPc895AwttSusRKfgTwfxZOEG6W8DnNv25gLtqrVFSg==",
      "requires": {
        "@hapi/hoek": "6.2.1",
        "@hapi/vise": "3.1.0"
      }
    },
    "@hapi/pez": {
      "version": "4.1.0",
      "resolved": "https://registry.npmjs.org/@hapi/pez/-/pez-4.1.0.tgz",
      "integrity": "sha512-c+AxL8/cCj+7FB+tzJ5FhWKYP8zF7/7mA3Ft3a5y7h6YT26qzhj5d2JY27jur30KaZbrZAd4ofXXkqvE/IpJlA==",
      "requires": {
        "@hapi/b64": "4.2.0",
        "@hapi/boom": "7.4.2",
        "@hapi/content": "4.1.0",
        "@hapi/hoek": "6.2.1",
        "@hapi/nigel": "3.1.0"
      }
    },
    "@hapi/podium": {
      "version": "3.4.0",
      "resolved": "https://registry.npmjs.org/@hapi/podium/-/podium-3.4.0.tgz",
      "integrity": "sha512-IwyewAPGlCoq+g5536PKSDqSTfgpwbj+q4cBJpEUNqzwc5C5SM2stuFsULU7x1jKeWevfgWDoYWC75ML4IOYug==",
      "requires": {
        "@hapi/hoek": "6.2.1",
        "@hapi/joi": "15.0.0"
      }
    },
    "@hapi/shot": {
      "version": "4.1.0",
      "resolved": "https://registry.npmjs.org/@hapi/shot/-/shot-4.1.0.tgz",
      "integrity": "sha512-rpUU5cF08fqAZLLnue6Sy0osj1QMPbrYskehxtLFPdk7CwlPcu9N/wRtgu7vDHTQCKTkag6M8sjc8V8p8lSxpg==",
      "requires": {
        "@hapi/hoek": "6.2.1",
        "@hapi/joi": "15.0.0"
      }
    },
    "@hapi/somever": {
      "version": "2.1.0",
      "resolved": "https://registry.npmjs.org/@hapi/somever/-/somever-2.1.0.tgz",
      "integrity": "sha512-kMPewbpgLd0MSlNg0bjvq57Levozbg7c3O0idpWRxRgXfXBALNATLf8GRVbnMehYXAh7YRD2mR/91kginDtJ2Q==",
      "requires": {
        "@hapi/bounce": "1.3.0",
        "@hapi/hoek": "6.2.1"
      }
    },
    "@hapi/statehood": {
      "version": "6.1.0",
      "resolved": "https://registry.npmjs.org/@hapi/statehood/-/statehood-6.1.0.tgz",
      "integrity": "sha512-qc8Qq3kg0b3XK7siXf6DK0wp+rcOrXv336kIP6YrtD9TbQ45TsBobwKkUXB+4R3GCCQ8a6tOj8FR/9bdtjKJCA==",
      "requires": {
        "@hapi/boom": "7.4.2",
        "@hapi/bounce": "1.3.0",
        "@hapi/bourne": "1.3.2",
        "@hapi/cryptiles": "4.2.0",
        "@hapi/hoek": "6.2.1",
        "@hapi/iron": "5.1.0",
        "@hapi/joi": "15.0.0"
      }
    },
    "@hapi/subtext": {
      "version": "6.1.0",
      "resolved": "https://registry.npmjs.org/@hapi/subtext/-/subtext-6.1.0.tgz",
      "integrity": "sha512-dNL4IspNciKUK9RJuArwyS1MO07ZU64z4JrCzY1+vRKczYqin8M5i34cpOrQNP3pD/A/6IbRcFg0Jl0G6pwjnA==",
      "requires": {
        "@hapi/boom": "7.4.2",
        "@hapi/bourne": "1.3.2",
        "@hapi/content": "4.1.0",
        "@hapi/hoek": "6.2.1",
        "@hapi/pez": "4.1.0",
        "@hapi/wreck": "15.0.1"
      }
    },
    "@hapi/teamwork": {
      "version": "3.3.1",
      "resolved": "https://registry.npmjs.org/@hapi/teamwork/-/teamwork-3.3.1.tgz",
      "integrity": "sha512-61tiqWCYvMKP7fCTXy0M4VE6uNIwA0qvgFoiDubgfj7uqJ0fdHJFQNnVPGrxhLWlwz0uBPWrQlBH7r8y9vFITQ=="
    },
    "@hapi/topo": {
      "version": "3.1.0",
      "resolved": "https://registry.npmjs.org/@hapi/topo/-/topo-3.1.0.tgz",
      "integrity": "sha512-gZDI/eXOIk8kP2PkUKjWu9RW8GGVd2Hkgjxyr/S7Z+JF+0mr7bAlbw+DkTRxnD580o8Kqxlnba9wvqp5aOHBww==",
      "requires": {
        "@hapi/hoek": "6.2.1"
      }
    },
    "@hapi/vise": {
      "version": "3.1.0",
      "resolved": "https://registry.npmjs.org/@hapi/vise/-/vise-3.1.0.tgz",
      "integrity": "sha512-DUDzV0D4iVO5atghsjGZtzaF0HVtRLcxcnH6rAONyH0stnoLiFloGEuP5nkbIPU0B9cgWTzTUsQPuNHBzxy9Yw==",
      "requires": {
        "@hapi/hoek": "6.2.1"
      }
    },
    "@hapi/wreck": {
      "version": "15.0.1",
      "resolved": "https://registry.npmjs.org/@hapi/wreck/-/wreck-15.0.1.tgz",
      "integrity": "sha512-ByXQna/W1FZk7dg8NEhL79u4QkhzszRz76VpgyGstSH8bLM01a0C8RsxmUBgi6Tjkag5jA9kaEIhF9dLpMrtBw==",
      "requires": {
        "@hapi/boom": "7.4.2",
        "@hapi/bourne": "1.3.2",
        "@hapi/hoek": "6.2.1"
      }
    },
    "ansi-regex": {
      "version": "2.1.1",
      "resolved": "https://registry.npmjs.org/ansi-regex/-/ansi-regex-2.1.1.tgz",
      "integrity": "sha1-w7M6te42DYbg5ijwRorn7yfWVN8="
    },
    "aproba": {
      "version": "1.2.0",
      "resolved": "https://registry.npmjs.org/aproba/-/aproba-1.2.0.tgz",
      "integrity": "sha512-Y9J6ZjXtoYh8RnXVCMOU/ttDmk1aBjunq9vO0ta5x85WDQiQfUF9sIPBITdbiiIVcBo03Hi3jMxigBtsddlXRw=="
    },
    "are-we-there-yet": {
      "version": "1.1.4",
      "resolved": "https://registry.npmjs.org/are-we-there-yet/-/are-we-there-yet-1.1.4.tgz",
      "integrity": "sha1-u13KOCu5TwXhUZQ3PRb9O6HKEQ0=",
      "requires": {
        "delegates": "1.0.0",
        "readable-stream": "2.3.6"
      }
    },
    "bl": {
      "version": "1.2.2",
      "resolved": "https://registry.npmjs.org/bl/-/bl-1.2.2.tgz",
      "integrity": "sha512-e8tQYnZodmebYDWGH7KMRvtzKXaJHx3BbilrgZCfvyLUYdKpK1t5PSPmpkny/SgiTSCnjfLW7v5rlONXVFkQEA==",
      "requires": {
        "readable-stream": "2.3.6",
        "safe-buffer": "5.1.1"
      }
    },
    "brok": {
      "version": "3.1.0",
      "resolved": "https://registry.npmjs.org/brok/-/brok-3.1.0.tgz",
      "integrity": "sha512-ISToLhRPWGwhhLEaJme1/MwL4kEF8qHYdIXLAjU/KwqSSbK0WcusR2QfxfmJloG9+tcB6WtDX81l9+RTedas3w==",
      "requires": {
        "@hapi/hoek": "6.2.1",
        "@hapi/joi": "15.0.0",
        "iltorb": "2.2.0"
      }
    },
    "chownr": {
      "version": "1.0.1",
      "resolved": "https://registry.npmjs.org/chownr/-/chownr-1.0.1.tgz",
      "integrity": "sha1-4qdQQqlVGQi+vSW4Uj1fl2nXkYE="
    },
    "code-point-at": {
      "version": "1.1.0",
      "resolved": "https://registry.npmjs.org/code-point-at/-/code-point-at-1.1.0.tgz",
      "integrity": "sha1-DQcLTQQ6W+ozovGkDi7bPZpMz3c="
    },
    "console-control-strings": {
      "version": "1.1.0",
      "resolved": "https://registry.npmjs.org/console-control-strings/-/console-control-strings-1.1.0.tgz",
      "integrity": "sha1-PXz0Rk22RG6mRL9LOVB/mFEAjo4="
    },
    "core-util-is": {
      "version": "1.0.2",
      "resolved": "https://registry.npmjs.org/core-util-is/-/core-util-is-1.0.2.tgz",
      "integrity": "sha1-tf1UIgqivFq1eqtxQMlAdUUDwac="
    },
    "decompress-response": {
      "version": "3.3.0",
      "resolved": "https://registry.npmjs.org/decompress-response/-/decompress-response-3.3.0.tgz",
      "integrity": "sha1-gKTdMjdIOEv6JICDYirt7Jgq3/M=",
      "requires": {
        "mimic-response": "1.0.0"
      }
    },
    "deep-extend": {
      "version": "0.4.2",
      "resolved": "https://registry.npmjs.org/deep-extend/-/deep-extend-0.4.2.tgz",
      "integrity": "sha1-SLaZwn4zS/ifEIkr5DL25MfTSn8="
    },
    "delegates": {
      "version": "1.0.0",
      "resolved": "https://registry.npmjs.org/delegates/-/delegates-1.0.0.tgz",
      "integrity": "sha1-hMbhWbgZBP3KWaDvRM2HDTElD5o="
    },
    "detect-libc": {
      "version": "1.0.3",
      "resolved": "https://registry.npmjs.org/detect-libc/-/detect-libc-1.0.3.tgz",
      "integrity": "sha1-+hN8S9aY7fVc1c0CrFWfkaTEups="
    },
    "end-of-stream": {
      "version": "1.4.1",
      "resolved": "https://registry.npmjs.org/end-of-stream/-/end-of-stream-1.4.1.tgz",
      "integrity": "sha512-1MkrZNvWTKCaigbn+W15elq2BB/L22nqrSY5DKlo3X6+vclJm8Bb5djXJBmEX6fS3+zCh/F4VBK5Z2KxJt4s2Q==",
      "requires": {
        "once": "1.4.0"
      }
    },
    "expand-template": {
      "version": "1.1.0",
      "resolved": "https://registry.npmjs.org/expand-template/-/expand-template-1.1.0.tgz",
      "integrity": "sha512-kkjwkMqj0h4w/sb32ERCDxCQkREMCAgS39DscDnSwDsbxnwwM1BTZySdC3Bn1lhY7vL08n9GoO/fVTynjDgRyQ=="
    },
    "gauge": {
      "version": "2.7.4",
      "resolved": "https://registry.npmjs.org/gauge/-/gauge-2.7.4.tgz",
      "integrity": "sha1-LANAXHU4w51+s3sxcCLjJfsBi/c=",
      "requires": {
        "aproba": "1.2.0",
        "console-control-strings": "1.1.0",
        "has-unicode": "2.0.1",
        "object-assign": "4.1.1",
        "signal-exit": "3.0.2",
        "string-width": "1.0.2",
        "strip-ansi": "3.0.1",
        "wide-align": "1.1.2"
      }
    },
    "github-from-package": {
      "version": "0.0.0",
      "resolved": "https://registry.npmjs.org/github-from-package/-/github-from-package-0.0.0.tgz",
      "integrity": "sha1-l/tdlr/eiXMxPyDoKI75oWf6ZM4="
    },
    "has-unicode": {
      "version": "2.0.1",
      "resolved": "https://registry.npmjs.org/has-unicode/-/has-unicode-2.0.1.tgz",
      "integrity": "sha1-4Ob+aijPUROIVeCG0Wkedx3iqLk="
    },
    "iltorb": {
      "version": "2.2.0",
      "resolved": "https://registry.npmjs.org/iltorb/-/iltorb-2.2.0.tgz",
      "integrity": "sha512-eD7cLpZudACV/Jww2aMfn9wwO5GhB2S3SSEl04Ru3vq+R7ZZEnbMTe3B3mlsz0heba9IFBivcqPfdXh9G5c+AA==",
      "requires": {
        "detect-libc": "1.0.3",
        "nan": "2.10.0",
        "npmlog": "4.1.2",
        "prebuild-install": "2.5.1",
        "which-pm-runs": "1.0.0"
      }
    },
    "inherits": {
      "version": "2.0.3",
      "resolved": "https://registry.npmjs.org/inherits/-/inherits-2.0.3.tgz",
      "integrity": "sha1-Yzwsg+PaQqUC9SRmAiSA9CCCYd4="
    },
    "ini": {
      "version": "1.3.5",
      "resolved": "https://registry.npmjs.org/ini/-/ini-1.3.5.tgz",
      "integrity": "sha512-RZY5huIKCMRWDUqZlEi72f/lmXKMvuszcMBduliQ3nnWbx9X/ZBQO7DijMEYS9EhHBb2qacRUMtC7svLwe0lcw=="
    },
    "is-fullwidth-code-point": {
      "version": "1.0.0",
      "resolved": "https://registry.npmjs.org/is-fullwidth-code-point/-/is-fullwidth-code-point-1.0.0.tgz",
      "integrity": "sha1-754xOG8DGn8NZDr4L95QxFfvAMs=",
      "requires": {
        "number-is-nan": "1.0.1"
      }
    },
    "isarray": {
      "version": "1.0.0",
      "resolved": "https://registry.npmjs.org/isarray/-/isarray-1.0.0.tgz",
      "integrity": "sha1-u5NdSFgsuhaMBoNJV6VKPgcSTxE="
    },
    "lru-cache": {
      "version": "4.1.1",
      "resolved": "https://registry.npmjs.org/lru-cache/-/lru-cache-4.1.1.tgz",
      "integrity": "sha512-q4spe4KTfsAS1SUHLO0wz8Qiyf1+vMIAgpRYioFYDMNqKfHQbg+AVDH3i4fvpl71/P1L0dBl+fQi+P37UYf0ew==",
      "requires": {
        "pseudomap": "1.0.2",
        "yallist": "2.1.2"
      }
    },
    "mime-db": {
      "version": "1.40.0",
      "resolved": "https://registry.npmjs.org/mime-db/-/mime-db-1.40.0.tgz",
      "integrity": "sha512-jYdeOMPy9vnxEqFRRo6ZvTZ8d9oPb+k18PKoYNYUe2stVEBPPwsln/qWzdbmaIvnhZ9v2P+CuecK+fpUfsV2mA=="
    },
    "mimic-response": {
      "version": "1.0.0",
      "resolved": "https://registry.npmjs.org/mimic-response/-/mimic-response-1.0.0.tgz",
      "integrity": "sha1-3z02Uqc/3ta5sLJBRub9BSNTRY4="
    },
    "minimist": {
      "version": "1.2.0",
      "resolved": "https://registry.npmjs.org/minimist/-/minimist-1.2.0.tgz",
      "integrity": "sha1-o1AIsg9BOD7sH7kU9M1d95omQoQ="
    },
    "mkdirp": {
      "version": "0.5.1",
      "resolved": "https://registry.npmjs.org/mkdirp/-/mkdirp-0.5.1.tgz",
      "integrity": "sha1-MAV0OOrGz3+MR2fzhkjWaX11yQM=",
      "requires": {
        "minimist": "0.0.8"
      },
      "dependencies": {
        "minimist": {
          "version": "0.0.8",
          "resolved": "https://registry.npmjs.org/minimist/-/minimist-0.0.8.tgz",
          "integrity": "sha1-hX/Kv8M5fSYluCKCYuhqp6ARsF0="
        }
      }
    },
    "nan": {
      "version": "2.10.0",
      "resolved": "https://registry.npmjs.org/nan/-/nan-2.10.0.tgz",
      "integrity": "sha512-bAdJv7fBLhWC+/Bls0Oza+mvTaNQtP+1RyhhhvD95pgUJz6XM5IzgmxOkItJ9tkoCiplvAnXI1tNmmUD/eScyA=="
    },
    "node-abi": {
      "version": "2.3.0",
      "resolved": "https://registry.npmjs.org/node-abi/-/node-abi-2.3.0.tgz",
      "integrity": "sha512-zwm6vU3SsVgw3e9fu48JBaRBCJGIvAgysDsqtf5+vEexFE71bEOtaMWb5zr/zODZNzTPtQlqUUpC79k68Hspow==",
      "requires": {
        "semver": "5.5.0"
      }
    },
    "noop-logger": {
      "version": "0.1.1",
      "resolved": "https://registry.npmjs.org/noop-logger/-/noop-logger-0.1.1.tgz",
      "integrity": "sha1-lKKxYzxPExdVMAfYlm/Q6EG2pMI="
    },
    "npmlog": {
      "version": "4.1.2",
      "resolved": "https://registry.npmjs.org/npmlog/-/npmlog-4.1.2.tgz",
      "integrity": "sha512-2uUqazuKlTaSI/dC8AzicUck7+IrEaOnN/e0jd3Xtt1KcGpwx30v50mL7oPyr/h9bL3E4aZccVwpwP+5W9Vjkg==",
      "requires": {
        "are-we-there-yet": "1.1.4",
        "console-control-strings": "1.1.0",
        "gauge": "2.7.4",
        "set-blocking": "2.0.0"
      }
    },
    "number-is-nan": {
      "version": "1.0.1",
      "resolved": "https://registry.npmjs.org/number-is-nan/-/number-is-nan-1.0.1.tgz",
      "integrity": "sha1-CXtgK1NCKlIsGvuHkDGDNpQaAR0="
    },
    "object-assign": {
      "version": "4.1.1",
      "resolved": "https://registry.npmjs.org/object-assign/-/object-assign-4.1.1.tgz",
      "integrity": "sha1-IQmtx5ZYh8/AXLvUQsrIv7s2CGM="
    },
    "once": {
      "version": "1.4.0",
      "resolved": "https://registry.npmjs.org/once/-/once-1.4.0.tgz",
      "integrity": "sha1-WDsap3WWHUsROsF9nFC6753Xa9E=",
      "requires": {
        "wrappy": "1.0.2"
      }
    },
    "os-homedir": {
      "version": "1.0.2",
      "resolved": "https://registry.npmjs.org/os-homedir/-/os-homedir-1.0.2.tgz",
      "integrity": "sha1-/7xJiDNuDoM94MFox+8VISGqf7M="
    },
    "prebuild-install": {
      "version": "2.5.1",
      "resolved": "https://registry.npmjs.org/prebuild-install/-/prebuild-install-2.5.1.tgz",
      "integrity": "sha512-3DX9L6pzwc1m1ksMkW3Ky2WLgPQUBiySOfXVl3WZyAeJSyJb4wtoH9OmeRGcubAWsMlLiL8BTHbwfm/jPQE9Ag==",
      "requires": {
        "detect-libc": "1.0.3",
        "expand-template": "1.1.0",
        "github-from-package": "0.0.0",
        "minimist": "1.2.0",
        "mkdirp": "0.5.1",
        "node-abi": "2.3.0",
        "noop-logger": "0.1.1",
        "npmlog": "4.1.2",
        "os-homedir": "1.0.2",
        "pump": "2.0.1",
        "rc": "1.2.6",
        "simple-get": "2.7.0",
        "tar-fs": "1.16.0",
        "tunnel-agent": "0.6.0",
        "which-pm-runs": "1.0.0"
      }
    },
    "process-nextick-args": {
      "version": "2.0.0",
      "resolved": "https://registry.npmjs.org/process-nextick-args/-/process-nextick-args-2.0.0.tgz",
      "integrity": "sha512-MtEC1TqN0EU5nephaJ4rAtThHtC86dNN9qCuEhtshvpVBkAW5ZO7BASN9REnF9eoXGcRub+pFuKEpOHE+HbEMw=="
    },
    "pseudomap": {
      "version": "1.0.2",
      "resolved": "https://registry.npmjs.org/pseudomap/-/pseudomap-1.0.2.tgz",
      "integrity": "sha1-8FKijacOYYkX7wqKw0wa5aaChrM="
    },
    "pump": {
      "version": "2.0.1",
      "resolved": "https://registry.npmjs.org/pump/-/pump-2.0.1.tgz",
      "integrity": "sha512-ruPMNRkN3MHP1cWJc9OWr+T/xDP0jhXYCLfJcBuX54hhfIBnaQmAUMfDcG4DM5UMWByBbJY69QSphm3jtDKIkA==",
      "requires": {
        "end-of-stream": "1.4.1",
        "once": "1.4.0"
      }
    },
    "rc": {
      "version": "1.2.6",
      "resolved": "https://registry.npmjs.org/rc/-/rc-1.2.6.tgz",
      "integrity": "sha1-6xiYnG1PTxYsOZ953dKfODVWgJI=",
      "requires": {
        "deep-extend": "0.4.2",
        "ini": "1.3.5",
        "minimist": "1.2.0",
        "strip-json-comments": "2.0.1"
      }
    },
    "readable-stream": {
      "version": "2.3.6",
      "resolved": "https://registry.npmjs.org/readable-stream/-/readable-stream-2.3.6.tgz",
      "integrity": "sha512-tQtKA9WIAhBF3+VLAseyMqZeBjW0AHJoxOtYqSUZNJxauErmLbVm2FW1y+J/YA9dUrAC39ITejlZWhVIwawkKw==",
      "requires": {
        "core-util-is": "1.0.2",
        "inherits": "2.0.3",
        "isarray": "1.0.0",
        "process-nextick-args": "2.0.0",
        "safe-buffer": "5.1.1",
        "string_decoder": "1.1.1",
        "util-deprecate": "1.0.2"
      }
    },
    "safe-buffer": {
      "version": "5.1.1",
      "resolved": "https://registry.npmjs.org/safe-buffer/-/safe-buffer-5.1.1.tgz",
      "integrity": "sha512-kKvNJn6Mm93gAczWVJg7wH+wGYWNrDHdWvpUmHyEsgCtIwwo3bqPtV4tR5tuPaUhTOo/kvhVwd8XwwOllGYkbg=="
    },
    "semver": {
      "version": "5.5.0",
      "resolved": "https://registry.npmjs.org/semver/-/semver-5.5.0.tgz",
      "integrity": "sha512-4SJ3dm0WAwWy/NVeioZh5AntkdJoWKxHxcmyP622fOkgHa4z3R0TdBJICINyaSDE6uNwVc8gZr+ZinwZAH4xIA=="
    },
    "set-blocking": {
      "version": "2.0.0",
      "resolved": "https://registry.npmjs.org/set-blocking/-/set-blocking-2.0.0.tgz",
      "integrity": "sha1-BF+XgtARrppoA93TgrJDkrPYkPc="
    },
    "signal-exit": {
      "version": "3.0.2",
      "resolved": "https://registry.npmjs.org/signal-exit/-/signal-exit-3.0.2.tgz",
      "integrity": "sha1-tf3AjxKH6hF4Yo5BXiUTK3NkbG0="
    },
    "simple-concat": {
      "version": "1.0.0",
      "resolved": "https://registry.npmjs.org/simple-concat/-/simple-concat-1.0.0.tgz",
      "integrity": "sha1-c0TLuLbib7J9ZrL8hvn21Zl1IcY="
    },
    "simple-get": {
      "version": "2.7.0",
      "resolved": "https://registry.npmjs.org/simple-get/-/simple-get-2.7.0.tgz",
      "integrity": "sha512-RkE9rGPHcxYZ/baYmgJtOSM63vH0Vyq+ma5TijBcLla41SWlh8t6XYIGMR/oeZcmr+/G8k+zrClkkVrtnQ0esg==",
      "requires": {
        "decompress-response": "3.3.0",
        "once": "1.4.0",
        "simple-concat": "1.0.0"
      }
    },
    "string-width": {
      "version": "1.0.2",
      "resolved": "https://registry.npmjs.org/string-width/-/string-width-1.0.2.tgz",
      "integrity": "sha1-EYvfW4zcUaKn5w0hHgfisLmxB9M=",
      "requires": {
        "code-point-at": "1.1.0",
        "is-fullwidth-code-point": "1.0.0",
        "strip-ansi": "3.0.1"
      }
    },
    "string_decoder": {
      "version": "1.1.1",
      "resolved": "https://registry.npmjs.org/string_decoder/-/string_decoder-1.1.1.tgz",
      "integrity": "sha512-n/ShnvDi6FHbbVfviro+WojiFzv+s8MPMHBczVePfUpDJLwoLT0ht1l4YwBCbi8pJAveEEdnkHyPyTP/mzRfwg==",
      "requires": {
        "safe-buffer": "5.1.1"
      }
    },
    "strip-ansi": {
      "version": "3.0.1",
      "resolved": "https://registry.npmjs.org/strip-ansi/-/strip-ansi-3.0.1.tgz",
      "integrity": "sha1-ajhfuIU9lS1f8F0Oiq+UJ43GPc8=",
      "requires": {
        "ansi-regex": "2.1.1"
      }
    },
    "strip-json-comments": {
      "version": "2.0.1",
      "resolved": "https://registry.npmjs.org/strip-json-comments/-/strip-json-comments-2.0.1.tgz",
      "integrity": "sha1-PFMZQukIwml8DsNEhYwobHygpgo="
    },
    "tar-fs": {
      "version": "1.16.0",
      "resolved": "https://registry.npmjs.org/tar-fs/-/tar-fs-1.16.0.tgz",
      "integrity": "sha512-I9rb6v7mjWLtOfCau9eH5L7sLJyU2BnxtEZRQ5Mt+eRKmf1F0ohXmT/Jc3fr52kDvjJ/HV5MH3soQfPL5bQ0Yg==",
      "requires": {
        "chownr": "1.0.1",
        "mkdirp": "0.5.1",
        "pump": "1.0.3",
        "tar-stream": "1.5.5"
      },
      "dependencies": {
        "pump": {
          "version": "1.0.3",
          "resolved": "https://registry.npmjs.org/pump/-/pump-1.0.3.tgz",
          "integrity": "sha512-8k0JupWme55+9tCVE+FS5ULT3K6AbgqrGa58lTT49RpyfwwcGedHqaC5LlQNdEAumn/wFsu6aPwkuPMioy8kqw==",
          "requires": {
            "end-of-stream": "1.4.1",
            "once": "1.4.0"
          }
        }
      }
    },
    "tar-stream": {
      "version": "1.5.5",
      "resolved": "https://registry.npmjs.org/tar-stream/-/tar-stream-1.5.5.tgz",
      "integrity": "sha512-mQdgLPc/Vjfr3VWqWbfxW8yQNiJCbAZ+Gf6GDu1Cy0bdb33ofyiNGBtAY96jHFhDuivCwgW1H9DgTON+INiXgg==",
      "requires": {
        "bl": "1.2.2",
        "end-of-stream": "1.4.1",
        "readable-stream": "2.3.6",
        "xtend": "4.0.1"
      }
    },
    "tunnel-agent": {
      "version": "0.6.0",
      "resolved": "https://registry.npmjs.org/tunnel-agent/-/tunnel-agent-0.6.0.tgz",
      "integrity": "sha1-J6XeoGs2sEoKmWZ3SykIaPD8QP0=",
      "requires": {
        "safe-buffer": "5.1.1"
      }
    },
    "util-deprecate": {
      "version": "1.0.2",
      "resolved": "https://registry.npmjs.org/util-deprecate/-/util-deprecate-1.0.2.tgz",
      "integrity": "sha1-RQ1Nyfpw3nMnYvvS1KKJgUGaDM8="
    },
    "which-pm-runs": {
      "version": "1.0.0",
      "resolved": "https://registry.npmjs.org/which-pm-runs/-/which-pm-runs-1.0.0.tgz",
      "integrity": "sha1-Zws6+8VS4LVd9rd4DKdGFfI60cs="
    },
    "wide-align": {
      "version": "1.1.2",
      "resolved": "https://registry.npmjs.org/wide-align/-/wide-align-1.1.2.tgz",
      "integrity": "sha512-ijDLlyQ7s6x1JgCLur53osjm/UXUYD9+0PbYKrBsYisYXzCxN+HC3mYDNy/dWdmf3AwqwU3CXwDCvsNgGK1S0w==",
      "requires": {
        "string-width": "1.0.2"
      }
    },
    "wrappy": {
      "version": "1.0.2",
      "resolved": "https://registry.npmjs.org/wrappy/-/wrappy-1.0.2.tgz",
      "integrity": "sha1-tSQ9jz7BqjXxNkYFvA0QNuMKtp8="
    },
    "xtend": {
      "version": "4.0.1",
      "resolved": "https://registry.npmjs.org/xtend/-/xtend-4.0.1.tgz",
      "integrity": "sha1-pcbVMr5lbiPbgg77lDofBJmNY68="
    },
    "yallist": {
      "version": "2.1.2",
      "resolved": "https://registry.npmjs.org/yallist/-/yallist-2.1.2.tgz",
      "integrity": "sha1-HBH5IY8HYImkfdUS+TxmmaaoHVI="
    }
  }
}
