{
  "name": "@nzz/q-editor",
  "version": "6.4.0",
  "lockfileVersion": 1,
  "requires": true,
  "dependencies": {
    "@hapi/accept": {
      "version": "5.0.2",
      "resolved": "https://registry.npmjs.org/@hapi/accept/-/accept-5.0.2.tgz",
      "integrity": "sha512-CmzBx/bXUR8451fnZRuZAJRlzgm0Jgu5dltTX/bszmR2lheb9BpyN47Q1RbaGTsvFzn0PXAEs+lXDKfshccYZw==",
      "requires": {
        "@hapi/boom": "9.x.x",
        "@hapi/hoek": "9.x.x"
      },
      "dependencies": {
        "@hapi/boom": {
          "version": "9.1.2",
          "resolved": "https://registry.npmjs.org/@hapi/boom/-/boom-9.1.2.tgz",
          "integrity": "sha512-uJEJtiNHzKw80JpngDGBCGAmWjBtzxDCz17A9NO2zCi8LLBlb5Frpq4pXwyN+2JQMod4pKz5BALwyneCgDg89Q==",
          "requires": {
            "@hapi/hoek": "9.x.x"
          }
        },
        "@hapi/hoek": {
          "version": "9.2.0",
          "resolved": "https://registry.npmjs.org/@hapi/hoek/-/hoek-9.2.0.tgz",
          "integrity": "sha512-sqKVVVOe5ivCaXDWivIJYVSaEgdQK9ul7a4Kity5Iw7u9+wBAPbX1RMSnLLmp7O4Vzj0WOWwMAJsTL00xwaNug=="
        }
      }
    },
    "@hapi/address": {
      "version": "2.1.1",
      "resolved": "https://registry.npmjs.org/@hapi/address/-/address-2.1.1.tgz",
      "integrity": "sha512-DYuHzu978pP1XW1GD3HGvLnAFjbQTIgc2+V153FGkbS2pgo9haigCdwBnUDrbhaOkgiJlbZvoEqDrcxSLHpiWA=="
    },
    "@hapi/ammo": {
      "version": "3.1.1",
      "resolved": "https://registry.npmjs.org/@hapi/ammo/-/ammo-3.1.1.tgz",
      "integrity": "sha512-NYFK27VSPGyQ/KmOQedpQH4PSjE7awLntepX68vrYtRvuJO21W1kX0bK2p3C+6ltUwtCQSvmNT8a4uMVAysC6Q==",
      "requires": {
        "@hapi/hoek": "8.x.x"
      }
    },
    "@hapi/b64": {
      "version": "5.0.0",
      "resolved": "https://registry.npmjs.org/@hapi/b64/-/b64-5.0.0.tgz",
      "integrity": "sha512-ngu0tSEmrezoiIaNGG6rRvKOUkUuDdf4XTPnONHGYfSGRmDqPZX5oJL6HAdKTo1UQHECbdB4OzhWrfgVppjHUw==",
      "requires": {
        "@hapi/hoek": "9.x.x"
      },
      "dependencies": {
        "@hapi/hoek": {
          "version": "9.2.0",
          "resolved": "https://registry.npmjs.org/@hapi/hoek/-/hoek-9.2.0.tgz",
          "integrity": "sha512-sqKVVVOe5ivCaXDWivIJYVSaEgdQK9ul7a4Kity5Iw7u9+wBAPbX1RMSnLLmp7O4Vzj0WOWwMAJsTL00xwaNug=="
        }
      }
    },
    "@hapi/boom": {
      "version": "7.4.9",
      "resolved": "https://registry.npmjs.org/@hapi/boom/-/boom-7.4.9.tgz",
      "integrity": "sha512-grHr7kbkvgN8UBht1dFoNYj7XMcozYC/tDJ+W7NVnLha4ZsU9UQvjwm24Qhbdrr3+o+mRfxvHBLFGBAJvkz4XQ==",
      "requires": {
        "@hapi/hoek": "8.x.x"
      }
    },
    "@hapi/bounce": {
      "version": "1.3.1",
      "resolved": "https://registry.npmjs.org/@hapi/bounce/-/bounce-1.3.1.tgz",
      "integrity": "sha512-/ecFQTRBom2MEbjMHvKKE6FZ/e1gYK72CeUIFzz++dKK1kYJ0KbRJ72mXroWoTT2hIv+8H0ua/eOkO0+hRdHcw==",
      "requires": {
        "@hapi/boom": "7.x.x",
        "@hapi/hoek": "8.x.x"
      }
    },
    "@hapi/bourne": {
      "version": "1.3.2",
      "resolved": "https://registry.npmjs.org/@hapi/bourne/-/bourne-1.3.2.tgz",
      "integrity": "sha512-1dVNHT76Uu5N3eJNTYcvxee+jzX4Z9lfciqRRHCU27ihbUcYi+iSc2iml5Ke1LXe1SyJCLA0+14Jh4tXJgOppA=="
    },
    "@hapi/call": {
      "version": "8.0.1",
      "resolved": "https://registry.npmjs.org/@hapi/call/-/call-8.0.1.tgz",
      "integrity": "sha512-bOff6GTdOnoe5b8oXRV3lwkQSb/LAWylvDMae6RgEWWntd0SHtkYbQukDHKlfaYtVnSAgIavJ0kqszF/AIBb6g==",
      "requires": {
        "@hapi/boom": "9.x.x",
        "@hapi/hoek": "9.x.x"
      },
      "dependencies": {
        "@hapi/boom": {
          "version": "9.1.2",
          "resolved": "https://registry.npmjs.org/@hapi/boom/-/boom-9.1.2.tgz",
          "integrity": "sha512-uJEJtiNHzKw80JpngDGBCGAmWjBtzxDCz17A9NO2zCi8LLBlb5Frpq4pXwyN+2JQMod4pKz5BALwyneCgDg89Q==",
          "requires": {
            "@hapi/hoek": "9.x.x"
          }
        },
        "@hapi/hoek": {
          "version": "9.2.0",
          "resolved": "https://registry.npmjs.org/@hapi/hoek/-/hoek-9.2.0.tgz",
          "integrity": "sha512-sqKVVVOe5ivCaXDWivIJYVSaEgdQK9ul7a4Kity5Iw7u9+wBAPbX1RMSnLLmp7O4Vzj0WOWwMAJsTL00xwaNug=="
        }
      }
    },
    "@hapi/catbox": {
      "version": "11.1.1",
      "resolved": "https://registry.npmjs.org/@hapi/catbox/-/catbox-11.1.1.tgz",
      "integrity": "sha512-u/8HvB7dD/6X8hsZIpskSDo4yMKpHxFd7NluoylhGrL6cUfYxdQPnvUp9YU2C6F9hsyBVLGulBd9vBN1ebfXOQ==",
      "requires": {
        "@hapi/boom": "9.x.x",
        "@hapi/hoek": "9.x.x",
        "@hapi/podium": "4.x.x",
        "@hapi/validate": "1.x.x"
      },
      "dependencies": {
        "@hapi/boom": {
          "version": "9.1.2",
          "resolved": "https://registry.npmjs.org/@hapi/boom/-/boom-9.1.2.tgz",
          "integrity": "sha512-uJEJtiNHzKw80JpngDGBCGAmWjBtzxDCz17A9NO2zCi8LLBlb5Frpq4pXwyN+2JQMod4pKz5BALwyneCgDg89Q==",
          "requires": {
            "@hapi/hoek": "9.x.x"
          }
        },
        "@hapi/hoek": {
          "version": "9.2.0",
          "resolved": "https://registry.npmjs.org/@hapi/hoek/-/hoek-9.2.0.tgz",
          "integrity": "sha512-sqKVVVOe5ivCaXDWivIJYVSaEgdQK9ul7a4Kity5Iw7u9+wBAPbX1RMSnLLmp7O4Vzj0WOWwMAJsTL00xwaNug=="
        }
      }
    },
    "@hapi/catbox-memory": {
      "version": "5.0.1",
      "resolved": "https://registry.npmjs.org/@hapi/catbox-memory/-/catbox-memory-5.0.1.tgz",
      "integrity": "sha512-QWw9nOYJq5PlvChLWV8i6hQHJYfvdqiXdvTupJFh0eqLZ64Xir7mKNi96d5/ZMUAqXPursfNDIDxjFgoEDUqeQ==",
      "requires": {
        "@hapi/boom": "9.x.x",
        "@hapi/hoek": "9.x.x"
      },
      "dependencies": {
        "@hapi/boom": {
          "version": "9.1.2",
          "resolved": "https://registry.npmjs.org/@hapi/boom/-/boom-9.1.2.tgz",
          "integrity": "sha512-uJEJtiNHzKw80JpngDGBCGAmWjBtzxDCz17A9NO2zCi8LLBlb5Frpq4pXwyN+2JQMod4pKz5BALwyneCgDg89Q==",
          "requires": {
            "@hapi/hoek": "9.x.x"
          }
        },
        "@hapi/hoek": {
          "version": "9.2.0",
          "resolved": "https://registry.npmjs.org/@hapi/hoek/-/hoek-9.2.0.tgz",
          "integrity": "sha512-sqKVVVOe5ivCaXDWivIJYVSaEgdQK9ul7a4Kity5Iw7u9+wBAPbX1RMSnLLmp7O4Vzj0WOWwMAJsTL00xwaNug=="
        }
      }
    },
    "@hapi/content": {
      "version": "5.0.2",
      "resolved": "https://registry.npmjs.org/@hapi/content/-/content-5.0.2.tgz",
      "integrity": "sha512-mre4dl1ygd4ZyOH3tiYBrOUBzV7Pu/EOs8VLGf58vtOEECWed8Uuw6B4iR9AN/8uQt42tB04qpVaMyoMQh0oMw==",
      "requires": {
        "@hapi/boom": "9.x.x"
      },
      "dependencies": {
        "@hapi/boom": {
          "version": "9.1.2",
          "resolved": "https://registry.npmjs.org/@hapi/boom/-/boom-9.1.2.tgz",
          "integrity": "sha512-uJEJtiNHzKw80JpngDGBCGAmWjBtzxDCz17A9NO2zCi8LLBlb5Frpq4pXwyN+2JQMod4pKz5BALwyneCgDg89Q==",
          "requires": {
            "@hapi/hoek": "9.x.x"
          }
        },
        "@hapi/hoek": {
          "version": "9.2.0",
          "resolved": "https://registry.npmjs.org/@hapi/hoek/-/hoek-9.2.0.tgz",
          "integrity": "sha512-sqKVVVOe5ivCaXDWivIJYVSaEgdQK9ul7a4Kity5Iw7u9+wBAPbX1RMSnLLmp7O4Vzj0WOWwMAJsTL00xwaNug=="
        }
      }
    },
    "@hapi/cryptiles": {
      "version": "5.1.0",
      "resolved": "https://registry.npmjs.org/@hapi/cryptiles/-/cryptiles-5.1.0.tgz",
      "integrity": "sha512-fo9+d1Ba5/FIoMySfMqPBR/7Pa29J2RsiPrl7bkwo5W5o+AN1dAYQRi4SPrPwwVxVGKjgLOEWrsvt1BonJSfLA==",
      "requires": {
        "@hapi/boom": "9.x.x"
      },
      "dependencies": {
        "@hapi/boom": {
          "version": "9.1.2",
          "resolved": "https://registry.npmjs.org/@hapi/boom/-/boom-9.1.2.tgz",
          "integrity": "sha512-uJEJtiNHzKw80JpngDGBCGAmWjBtzxDCz17A9NO2zCi8LLBlb5Frpq4pXwyN+2JQMod4pKz5BALwyneCgDg89Q==",
          "requires": {
            "@hapi/hoek": "9.x.x"
          }
        },
        "@hapi/hoek": {
          "version": "9.2.0",
          "resolved": "https://registry.npmjs.org/@hapi/hoek/-/hoek-9.2.0.tgz",
          "integrity": "sha512-sqKVVVOe5ivCaXDWivIJYVSaEgdQK9ul7a4Kity5Iw7u9+wBAPbX1RMSnLLmp7O4Vzj0WOWwMAJsTL00xwaNug=="
        }
      }
    },
    "@hapi/file": {
      "version": "2.0.0",
      "resolved": "https://registry.npmjs.org/@hapi/file/-/file-2.0.0.tgz",
      "integrity": "sha512-WSrlgpvEqgPWkI18kkGELEZfXr0bYLtr16iIN4Krh9sRnzBZN6nnWxHFxtsnP684wueEySBbXPDg/WfA9xJdBQ=="
    },
    "@hapi/formula": {
      "version": "1.2.0",
      "resolved": "https://registry.npmjs.org/@hapi/formula/-/formula-1.2.0.tgz",
      "integrity": "sha512-UFbtbGPjstz0eWHb+ga/GM3Z9EzqKXFWIbSOFURU0A/Gku0Bky4bCk9/h//K2Xr3IrCfjFNhMm4jyZ5dbCewGA=="
    },
    "@hapi/hapi": {
      "version": "20.0.0",
      "resolved": "https://registry.npmjs.org/@hapi/hapi/-/hapi-20.0.0.tgz",
      "integrity": "sha512-Wh0tIDFsl7nemU2JQYW4zZVr9XkpuZ1eM3yaX8tzaYdaYXon8QeB5NzrTNQY3R1/+fO7amQUrOoLLNPRwIZfgw==",
      "requires": {
        "@hapi/accept": "^5.0.1",
        "@hapi/ammo": "^5.0.1",
        "@hapi/boom": "9.x.x",
        "@hapi/bounce": "2.x.x",
        "@hapi/call": "8.x.x",
        "@hapi/catbox": "^11.1.1",
        "@hapi/catbox-memory": "5.x.x",
        "@hapi/heavy": "^7.0.1",
        "@hapi/hoek": "9.x.x",
        "@hapi/mimos": "5.x.x",
        "@hapi/podium": "^4.1.1",
        "@hapi/shot": "^5.0.1",
        "@hapi/somever": "3.x.x",
        "@hapi/statehood": "^7.0.3",
        "@hapi/subtext": "^7.0.3",
        "@hapi/teamwork": "5.x.x",
        "@hapi/topo": "5.x.x",
        "@hapi/validate": "^1.1.0"
      },
      "dependencies": {
        "@hapi/ammo": {
          "version": "5.0.1",
          "resolved": "https://registry.npmjs.org/@hapi/ammo/-/ammo-5.0.1.tgz",
          "integrity": "sha512-FbCNwcTbnQP4VYYhLNGZmA76xb2aHg9AMPiy18NZyWMG310P5KdFGyA9v2rm5ujrIny77dEEIkMOwl0Xv+fSSA==",
          "requires": {
            "@hapi/hoek": "9.x.x"
          }
        },
        "@hapi/boom": {
          "version": "9.1.2",
          "resolved": "https://registry.npmjs.org/@hapi/boom/-/boom-9.1.2.tgz",
          "integrity": "sha512-uJEJtiNHzKw80JpngDGBCGAmWjBtzxDCz17A9NO2zCi8LLBlb5Frpq4pXwyN+2JQMod4pKz5BALwyneCgDg89Q==",
          "requires": {
            "@hapi/hoek": "9.x.x"
          }
        },
        "@hapi/bounce": {
          "version": "2.0.0",
          "resolved": "https://registry.npmjs.org/@hapi/bounce/-/bounce-2.0.0.tgz",
          "integrity": "sha512-JesW92uyzOOyuzJKjoLHM1ThiOvHPOLDHw01YV8yh5nCso7sDwJho1h0Ad2N+E62bZyz46TG3xhAi/78Gsct6A==",
          "requires": {
            "@hapi/boom": "9.x.x",
            "@hapi/hoek": "9.x.x"
          }
        },
        "@hapi/hoek": {
          "version": "9.2.0",
          "resolved": "https://registry.npmjs.org/@hapi/hoek/-/hoek-9.2.0.tgz",
          "integrity": "sha512-sqKVVVOe5ivCaXDWivIJYVSaEgdQK9ul7a4Kity5Iw7u9+wBAPbX1RMSnLLmp7O4Vzj0WOWwMAJsTL00xwaNug=="
        },
        "@hapi/topo": {
          "version": "5.0.0",
          "resolved": "https://registry.npmjs.org/@hapi/topo/-/topo-5.0.0.tgz",
          "integrity": "sha512-tFJlT47db0kMqVm3H4nQYgn6Pwg10GTZHb1pwmSiv1K4ks6drQOtfEF5ZnPjkvC+y4/bUPHK+bc87QvLcL+WMw==",
          "requires": {
            "@hapi/hoek": "^9.0.0"
          }
        }
      }
    },
    "@hapi/heavy": {
      "version": "7.0.1",
      "resolved": "https://registry.npmjs.org/@hapi/heavy/-/heavy-7.0.1.tgz",
      "integrity": "sha512-vJ/vzRQ13MtRzz6Qd4zRHWS3FaUc/5uivV2TIuExGTM9Qk+7Zzqj0e2G7EpE6KztO9SalTbiIkTh7qFKj/33cA==",
      "requires": {
        "@hapi/boom": "9.x.x",
        "@hapi/hoek": "9.x.x",
        "@hapi/validate": "1.x.x"
      },
      "dependencies": {
        "@hapi/boom": {
          "version": "9.1.2",
          "resolved": "https://registry.npmjs.org/@hapi/boom/-/boom-9.1.2.tgz",
          "integrity": "sha512-uJEJtiNHzKw80JpngDGBCGAmWjBtzxDCz17A9NO2zCi8LLBlb5Frpq4pXwyN+2JQMod4pKz5BALwyneCgDg89Q==",
          "requires": {
            "@hapi/hoek": "9.x.x"
          }
        },
        "@hapi/hoek": {
          "version": "9.2.0",
          "resolved": "https://registry.npmjs.org/@hapi/hoek/-/hoek-9.2.0.tgz",
          "integrity": "sha512-sqKVVVOe5ivCaXDWivIJYVSaEgdQK9ul7a4Kity5Iw7u9+wBAPbX1RMSnLLmp7O4Vzj0WOWwMAJsTL00xwaNug=="
        }
      }
    },
    "@hapi/hoek": {
      "version": "8.2.2",
      "resolved": "https://registry.npmjs.org/@hapi/hoek/-/hoek-8.2.2.tgz",
      "integrity": "sha512-18P3VwngjNEcmvPj1mmiHLPyUPjhPAxIyJKDj4PRIY0F5ac3P0Vd0hkASPyWXHK0rfY3P9N2FoxV8ZuYaRBZ1g=="
    },
    "@hapi/inert": {
      "version": "5.2.2",
      "resolved": "https://registry.npmjs.org/@hapi/inert/-/inert-5.2.2.tgz",
      "integrity": "sha512-8IaGfAEF8SwZtpdaTq0G3aDPG35ZTfWKjnMNniG2N3kE+qioMsBuImIGxna8TNQ+sYMXYK78aqmvzbQHno8qSQ==",
      "requires": {
        "@hapi/ammo": "3.x.x",
        "@hapi/boom": "7.x.x",
        "@hapi/bounce": "1.x.x",
        "@hapi/hoek": "8.x.x",
        "@hapi/joi": "16.x.x",
        "lru-cache": "4.1.x"
      },
      "dependencies": {
        "@hapi/address": {
          "version": "2.1.2",
          "resolved": "https://registry.npmjs.org/@hapi/address/-/address-2.1.2.tgz",
          "integrity": "sha512-O4QDrx+JoGKZc6aN64L04vqa7e41tIiLU+OvKdcYaEMP97UttL0f9GIi9/0A4WAMx0uBd6SidDIhktZhgOcN8Q=="
        },
        "@hapi/joi": {
          "version": "16.1.4",
          "resolved": "https://registry.npmjs.org/@hapi/joi/-/joi-16.1.4.tgz",
          "integrity": "sha512-m7ctezhxjob+dSpXnCNlgAj6rrEpdSsaWu3GWL3g1AybQCU36mlAo9IwGFJwIxD+oHgdO6mYyviYlaejX+qN6g==",
          "requires": {
            "@hapi/address": "^2.1.2",
            "@hapi/formula": "^1.2.0",
            "@hapi/hoek": "^8.2.4",
            "@hapi/pinpoint": "^1.0.2",
            "@hapi/topo": "^3.1.3"
          },
          "dependencies": {
            "@hapi/hoek": {
              "version": "8.2.4",
              "resolved": "https://registry.npmjs.org/@hapi/hoek/-/hoek-8.2.4.tgz",
              "integrity": "sha512-Ze5SDNt325yZvNO7s5C4fXDscjJ6dcqLFXJQ/M7dZRQCewuDj2iDUuBi6jLQt+APbW9RjjVEvLr35FXuOEqjow=="
            }
          }
        }
      }
    },
    "@hapi/iron": {
      "version": "6.0.0",
      "resolved": "https://registry.npmjs.org/@hapi/iron/-/iron-6.0.0.tgz",
      "integrity": "sha512-zvGvWDufiTGpTJPG1Y/McN8UqWBu0k/xs/7l++HVU535NLHXsHhy54cfEMdW7EjwKfbBfM9Xy25FmTiobb7Hvw==",
      "requires": {
        "@hapi/b64": "5.x.x",
        "@hapi/boom": "9.x.x",
        "@hapi/bourne": "2.x.x",
        "@hapi/cryptiles": "5.x.x",
        "@hapi/hoek": "9.x.x"
      },
      "dependencies": {
        "@hapi/boom": {
          "version": "9.1.2",
          "resolved": "https://registry.npmjs.org/@hapi/boom/-/boom-9.1.2.tgz",
          "integrity": "sha512-uJEJtiNHzKw80JpngDGBCGAmWjBtzxDCz17A9NO2zCi8LLBlb5Frpq4pXwyN+2JQMod4pKz5BALwyneCgDg89Q==",
          "requires": {
            "@hapi/hoek": "9.x.x"
          }
        },
        "@hapi/bourne": {
          "version": "2.0.0",
          "resolved": "https://registry.npmjs.org/@hapi/bourne/-/bourne-2.0.0.tgz",
          "integrity": "sha512-WEezM1FWztfbzqIUbsDzFRVMxSoLy3HugVcux6KDDtTqzPsLE8NDRHfXvev66aH1i2oOKKar3/XDjbvh/OUBdg=="
        },
        "@hapi/hoek": {
          "version": "9.2.0",
          "resolved": "https://registry.npmjs.org/@hapi/hoek/-/hoek-9.2.0.tgz",
          "integrity": "sha512-sqKVVVOe5ivCaXDWivIJYVSaEgdQK9ul7a4Kity5Iw7u9+wBAPbX1RMSnLLmp7O4Vzj0WOWwMAJsTL00xwaNug=="
        }
      }
    },
    "@hapi/joi": {
      "version": "15.1.1",
      "resolved": "https://registry.npmjs.org/@hapi/joi/-/joi-15.1.1.tgz",
      "integrity": "sha512-entf8ZMOK8sc+8YfeOlM8pCfg3b5+WZIKBfUaaJT8UsjAAPjartzxIYm3TIbjvA4u+u++KbcXD38k682nVHDAQ==",
      "requires": {
        "@hapi/address": "2.x.x",
        "@hapi/bourne": "1.x.x",
        "@hapi/hoek": "8.x.x",
        "@hapi/topo": "3.x.x"
      }
    },
    "@hapi/mimos": {
      "version": "5.0.0",
      "resolved": "https://registry.npmjs.org/@hapi/mimos/-/mimos-5.0.0.tgz",
      "integrity": "sha512-EVS6wJYeE73InTlPWt+2e3Izn319iIvffDreci3qDNT+t3lA5ylJ0/SoTaID8e0TPNUkHUSsgJZXEmLHvoYzrA==",
      "requires": {
        "@hapi/hoek": "9.x.x",
        "mime-db": "1.x.x"
      },
      "dependencies": {
        "@hapi/hoek": {
          "version": "9.2.0",
          "resolved": "https://registry.npmjs.org/@hapi/hoek/-/hoek-9.2.0.tgz",
          "integrity": "sha512-sqKVVVOe5ivCaXDWivIJYVSaEgdQK9ul7a4Kity5Iw7u9+wBAPbX1RMSnLLmp7O4Vzj0WOWwMAJsTL00xwaNug=="
        }
      }
    },
    "@hapi/nigel": {
      "version": "4.0.2",
      "resolved": "https://registry.npmjs.org/@hapi/nigel/-/nigel-4.0.2.tgz",
      "integrity": "sha512-ht2KoEsDW22BxQOEkLEJaqfpoKPXxi7tvabXy7B/77eFtOyG5ZEstfZwxHQcqAiZhp58Ae5vkhEqI03kawkYNw==",
      "requires": {
        "@hapi/hoek": "^9.0.4",
        "@hapi/vise": "^4.0.0"
      },
      "dependencies": {
        "@hapi/hoek": {
          "version": "9.2.0",
          "resolved": "https://registry.npmjs.org/@hapi/hoek/-/hoek-9.2.0.tgz",
          "integrity": "sha512-sqKVVVOe5ivCaXDWivIJYVSaEgdQK9ul7a4Kity5Iw7u9+wBAPbX1RMSnLLmp7O4Vzj0WOWwMAJsTL00xwaNug=="
        }
      }
    },
    "@hapi/pez": {
      "version": "5.0.3",
      "resolved": "https://registry.npmjs.org/@hapi/pez/-/pez-5.0.3.tgz",
      "integrity": "sha512-mpikYRJjtrbJgdDHG/H9ySqYqwJ+QU/D7FXsYciS9P7NYBXE2ayKDAy3H0ou6CohOCaxPuTV4SZ0D936+VomHA==",
      "requires": {
        "@hapi/b64": "5.x.x",
        "@hapi/boom": "9.x.x",
        "@hapi/content": "^5.0.2",
        "@hapi/hoek": "9.x.x",
        "@hapi/nigel": "4.x.x"
      },
      "dependencies": {
        "@hapi/boom": {
          "version": "9.1.2",
          "resolved": "https://registry.npmjs.org/@hapi/boom/-/boom-9.1.2.tgz",
          "integrity": "sha512-uJEJtiNHzKw80JpngDGBCGAmWjBtzxDCz17A9NO2zCi8LLBlb5Frpq4pXwyN+2JQMod4pKz5BALwyneCgDg89Q==",
          "requires": {
            "@hapi/hoek": "9.x.x"
          }
        },
        "@hapi/hoek": {
          "version": "9.2.0",
          "resolved": "https://registry.npmjs.org/@hapi/hoek/-/hoek-9.2.0.tgz",
          "integrity": "sha512-sqKVVVOe5ivCaXDWivIJYVSaEgdQK9ul7a4Kity5Iw7u9+wBAPbX1RMSnLLmp7O4Vzj0WOWwMAJsTL00xwaNug=="
        }
      }
    },
    "@hapi/pinpoint": {
      "version": "1.0.2",
      "resolved": "https://registry.npmjs.org/@hapi/pinpoint/-/pinpoint-1.0.2.tgz",
      "integrity": "sha512-dtXC/WkZBfC5vxscazuiJ6iq4j9oNx1SHknmIr8hofarpKUZKmlUVYVIhNVzIEgK5Wrc4GMHL5lZtt1uS2flmQ=="
    },
    "@hapi/podium": {
      "version": "4.1.3",
      "resolved": "https://registry.npmjs.org/@hapi/podium/-/podium-4.1.3.tgz",
      "integrity": "sha512-ljsKGQzLkFqnQxE7qeanvgGj4dejnciErYd30dbrYzUOF/FyS/DOF97qcrT3bhoVwCYmxa6PEMhxfCPlnUcD2g==",
      "requires": {
        "@hapi/hoek": "9.x.x",
        "@hapi/teamwork": "5.x.x",
        "@hapi/validate": "1.x.x"
      },
      "dependencies": {
        "@hapi/hoek": {
          "version": "9.2.0",
          "resolved": "https://registry.npmjs.org/@hapi/hoek/-/hoek-9.2.0.tgz",
          "integrity": "sha512-sqKVVVOe5ivCaXDWivIJYVSaEgdQK9ul7a4Kity5Iw7u9+wBAPbX1RMSnLLmp7O4Vzj0WOWwMAJsTL00xwaNug=="
        }
      }
    },
    "@hapi/shot": {
      "version": "5.0.5",
      "resolved": "https://registry.npmjs.org/@hapi/shot/-/shot-5.0.5.tgz",
      "integrity": "sha512-x5AMSZ5+j+Paa8KdfCoKh+klB78otxF+vcJR/IoN91Vo2e5ulXIW6HUsFTCU+4W6P/Etaip9nmdAx2zWDimB2A==",
      "requires": {
        "@hapi/hoek": "9.x.x",
        "@hapi/validate": "1.x.x"
      },
      "dependencies": {
        "@hapi/hoek": {
          "version": "9.2.0",
          "resolved": "https://registry.npmjs.org/@hapi/hoek/-/hoek-9.2.0.tgz",
          "integrity": "sha512-sqKVVVOe5ivCaXDWivIJYVSaEgdQK9ul7a4Kity5Iw7u9+wBAPbX1RMSnLLmp7O4Vzj0WOWwMAJsTL00xwaNug=="
        }
      }
    },
    "@hapi/somever": {
      "version": "3.0.0",
      "resolved": "https://registry.npmjs.org/@hapi/somever/-/somever-3.0.0.tgz",
      "integrity": "sha512-Upw/kmKotC9iEmK4y047HMYe4LDKsE5NWfjgX41XNKmFvxsQL7OiaCWVhuyyhU0ShDGBfIAnCH8jZr49z/JzZA==",
      "requires": {
        "@hapi/bounce": "2.x.x",
        "@hapi/hoek": "9.x.x"
      },
      "dependencies": {
        "@hapi/boom": {
          "version": "9.1.2",
          "resolved": "https://registry.npmjs.org/@hapi/boom/-/boom-9.1.2.tgz",
          "integrity": "sha512-uJEJtiNHzKw80JpngDGBCGAmWjBtzxDCz17A9NO2zCi8LLBlb5Frpq4pXwyN+2JQMod4pKz5BALwyneCgDg89Q==",
          "requires": {
            "@hapi/hoek": "9.x.x"
          }
        },
        "@hapi/bounce": {
          "version": "2.0.0",
          "resolved": "https://registry.npmjs.org/@hapi/bounce/-/bounce-2.0.0.tgz",
          "integrity": "sha512-JesW92uyzOOyuzJKjoLHM1ThiOvHPOLDHw01YV8yh5nCso7sDwJho1h0Ad2N+E62bZyz46TG3xhAi/78Gsct6A==",
          "requires": {
            "@hapi/boom": "9.x.x",
            "@hapi/hoek": "9.x.x"
          }
        },
        "@hapi/hoek": {
          "version": "9.2.0",
          "resolved": "https://registry.npmjs.org/@hapi/hoek/-/hoek-9.2.0.tgz",
          "integrity": "sha512-sqKVVVOe5ivCaXDWivIJYVSaEgdQK9ul7a4Kity5Iw7u9+wBAPbX1RMSnLLmp7O4Vzj0WOWwMAJsTL00xwaNug=="
        }
      }
    },
    "@hapi/statehood": {
      "version": "7.0.3",
      "resolved": "https://registry.npmjs.org/@hapi/statehood/-/statehood-7.0.3.tgz",
      "integrity": "sha512-pYB+pyCHkf2Amh67QAXz7e/DN9jcMplIL7Z6N8h0K+ZTy0b404JKPEYkbWHSnDtxLjJB/OtgElxocr2fMH4G7w==",
      "requires": {
        "@hapi/boom": "9.x.x",
        "@hapi/bounce": "2.x.x",
        "@hapi/bourne": "2.x.x",
        "@hapi/cryptiles": "5.x.x",
        "@hapi/hoek": "9.x.x",
        "@hapi/iron": "6.x.x",
        "@hapi/validate": "1.x.x"
      },
      "dependencies": {
        "@hapi/boom": {
          "version": "9.1.2",
          "resolved": "https://registry.npmjs.org/@hapi/boom/-/boom-9.1.2.tgz",
          "integrity": "sha512-uJEJtiNHzKw80JpngDGBCGAmWjBtzxDCz17A9NO2zCi8LLBlb5Frpq4pXwyN+2JQMod4pKz5BALwyneCgDg89Q==",
          "requires": {
            "@hapi/hoek": "9.x.x"
          }
        },
        "@hapi/bounce": {
          "version": "2.0.0",
          "resolved": "https://registry.npmjs.org/@hapi/bounce/-/bounce-2.0.0.tgz",
          "integrity": "sha512-JesW92uyzOOyuzJKjoLHM1ThiOvHPOLDHw01YV8yh5nCso7sDwJho1h0Ad2N+E62bZyz46TG3xhAi/78Gsct6A==",
          "requires": {
            "@hapi/boom": "9.x.x",
            "@hapi/hoek": "9.x.x"
          }
        },
        "@hapi/bourne": {
          "version": "2.0.0",
          "resolved": "https://registry.npmjs.org/@hapi/bourne/-/bourne-2.0.0.tgz",
          "integrity": "sha512-WEezM1FWztfbzqIUbsDzFRVMxSoLy3HugVcux6KDDtTqzPsLE8NDRHfXvev66aH1i2oOKKar3/XDjbvh/OUBdg=="
        },
        "@hapi/hoek": {
          "version": "9.2.0",
          "resolved": "https://registry.npmjs.org/@hapi/hoek/-/hoek-9.2.0.tgz",
          "integrity": "sha512-sqKVVVOe5ivCaXDWivIJYVSaEgdQK9ul7a4Kity5Iw7u9+wBAPbX1RMSnLLmp7O4Vzj0WOWwMAJsTL00xwaNug=="
        }
      }
    },
    "@hapi/subtext": {
      "version": "7.0.3",
      "resolved": "https://registry.npmjs.org/@hapi/subtext/-/subtext-7.0.3.tgz",
      "integrity": "sha512-CekDizZkDGERJ01C0+TzHlKtqdXZxzSWTOaH6THBrbOHnsr3GY+yiMZC+AfNCypfE17RaIakGIAbpL2Tk1z2+A==",
      "requires": {
        "@hapi/boom": "9.x.x",
        "@hapi/bourne": "2.x.x",
        "@hapi/content": "^5.0.2",
        "@hapi/file": "2.x.x",
        "@hapi/hoek": "9.x.x",
        "@hapi/pez": "^5.0.1",
        "@hapi/wreck": "17.x.x"
      },
      "dependencies": {
        "@hapi/boom": {
          "version": "9.1.2",
          "resolved": "https://registry.npmjs.org/@hapi/boom/-/boom-9.1.2.tgz",
          "integrity": "sha512-uJEJtiNHzKw80JpngDGBCGAmWjBtzxDCz17A9NO2zCi8LLBlb5Frpq4pXwyN+2JQMod4pKz5BALwyneCgDg89Q==",
          "requires": {
            "@hapi/hoek": "9.x.x"
          }
        },
        "@hapi/bourne": {
          "version": "2.0.0",
          "resolved": "https://registry.npmjs.org/@hapi/bourne/-/bourne-2.0.0.tgz",
          "integrity": "sha512-WEezM1FWztfbzqIUbsDzFRVMxSoLy3HugVcux6KDDtTqzPsLE8NDRHfXvev66aH1i2oOKKar3/XDjbvh/OUBdg=="
        },
        "@hapi/hoek": {
          "version": "9.2.0",
          "resolved": "https://registry.npmjs.org/@hapi/hoek/-/hoek-9.2.0.tgz",
          "integrity": "sha512-sqKVVVOe5ivCaXDWivIJYVSaEgdQK9ul7a4Kity5Iw7u9+wBAPbX1RMSnLLmp7O4Vzj0WOWwMAJsTL00xwaNug=="
        }
      }
    },
    "@hapi/teamwork": {
      "version": "5.1.0",
      "resolved": "https://registry.npmjs.org/@hapi/teamwork/-/teamwork-5.1.0.tgz",
      "integrity": "sha512-llqoQTrAJDTXxG3c4Kz/uzhBS1TsmSBa/XG5SPcVXgmffHE1nFtyLIK0hNJHCB3EuBKT84adzd1hZNY9GJLWtg=="
    },
    "@hapi/topo": {
      "version": "3.1.3",
      "resolved": "https://registry.npmjs.org/@hapi/topo/-/topo-3.1.3.tgz",
      "integrity": "sha512-JmS9/vQK6dcUYn7wc2YZTqzIKubAQcJKu2KCKAru6es482U5RT5fP1EXCPtlXpiK7PR0On/kpQKI4fRKkzpZBQ==",
      "requires": {
        "@hapi/hoek": "8.x.x"
      }
    },
    "@hapi/validate": {
      "version": "1.1.3",
      "resolved": "https://registry.npmjs.org/@hapi/validate/-/validate-1.1.3.tgz",
      "integrity": "sha512-/XMR0N0wjw0Twzq2pQOzPBZlDzkekGcoCtzO314BpIEsbXdYGthQUbxgkGDf4nhk1+IPDAsXqWjMohRQYO06UA==",
      "requires": {
        "@hapi/hoek": "^9.0.0",
        "@hapi/topo": "^5.0.0"
      },
      "dependencies": {
        "@hapi/hoek": {
          "version": "9.2.0",
          "resolved": "https://registry.npmjs.org/@hapi/hoek/-/hoek-9.2.0.tgz",
          "integrity": "sha512-sqKVVVOe5ivCaXDWivIJYVSaEgdQK9ul7a4Kity5Iw7u9+wBAPbX1RMSnLLmp7O4Vzj0WOWwMAJsTL00xwaNug=="
        },
        "@hapi/topo": {
          "version": "5.0.0",
          "resolved": "https://registry.npmjs.org/@hapi/topo/-/topo-5.0.0.tgz",
          "integrity": "sha512-tFJlT47db0kMqVm3H4nQYgn6Pwg10GTZHb1pwmSiv1K4ks6drQOtfEF5ZnPjkvC+y4/bUPHK+bc87QvLcL+WMw==",
          "requires": {
            "@hapi/hoek": "^9.0.0"
          }
        }
      }
    },
    "@hapi/vise": {
      "version": "4.0.0",
      "resolved": "https://registry.npmjs.org/@hapi/vise/-/vise-4.0.0.tgz",
      "integrity": "sha512-eYyLkuUiFZTer59h+SGy7hUm+qE9p+UemePTHLlIWppEd+wExn3Df5jO04bFQTm7nleF5V8CtuYQYb+VFpZ6Sg==",
      "requires": {
        "@hapi/hoek": "9.x.x"
      },
      "dependencies": {
        "@hapi/hoek": {
          "version": "9.2.0",
          "resolved": "https://registry.npmjs.org/@hapi/hoek/-/hoek-9.2.0.tgz",
          "integrity": "sha512-sqKVVVOe5ivCaXDWivIJYVSaEgdQK9ul7a4Kity5Iw7u9+wBAPbX1RMSnLLmp7O4Vzj0WOWwMAJsTL00xwaNug=="
        }
      }
    },
    "@hapi/wreck": {
      "version": "17.1.0",
      "resolved": "https://registry.npmjs.org/@hapi/wreck/-/wreck-17.1.0.tgz",
      "integrity": "sha512-nx6sFyfqOpJ+EFrHX+XWwJAxs3ju4iHdbB/bwR8yTNZOiYmuhA8eCe7lYPtYmb4j7vyK/SlbaQsmTtUrMvPEBw==",
      "requires": {
        "@hapi/boom": "9.x.x",
        "@hapi/bourne": "2.x.x",
        "@hapi/hoek": "9.x.x"
      },
      "dependencies": {
        "@hapi/boom": {
          "version": "9.1.2",
          "resolved": "https://registry.npmjs.org/@hapi/boom/-/boom-9.1.2.tgz",
          "integrity": "sha512-uJEJtiNHzKw80JpngDGBCGAmWjBtzxDCz17A9NO2zCi8LLBlb5Frpq4pXwyN+2JQMod4pKz5BALwyneCgDg89Q==",
          "requires": {
            "@hapi/hoek": "9.x.x"
          }
        },
        "@hapi/bourne": {
          "version": "2.0.0",
          "resolved": "https://registry.npmjs.org/@hapi/bourne/-/bourne-2.0.0.tgz",
          "integrity": "sha512-WEezM1FWztfbzqIUbsDzFRVMxSoLy3HugVcux6KDDtTqzPsLE8NDRHfXvev66aH1i2oOKKar3/XDjbvh/OUBdg=="
        },
        "@hapi/hoek": {
          "version": "9.2.0",
          "resolved": "https://registry.npmjs.org/@hapi/hoek/-/hoek-9.2.0.tgz",
          "integrity": "sha512-sqKVVVOe5ivCaXDWivIJYVSaEgdQK9ul7a4Kity5Iw7u9+wBAPbX1RMSnLLmp7O4Vzj0WOWwMAJsTL00xwaNug=="
        }
      }
    },
    "brok": {
      "version": "4.0.0",
      "resolved": "https://registry.npmjs.org/brok/-/brok-4.0.0.tgz",
      "integrity": "sha512-EkE1z0UAyqP1iGDxDzWpi7k/PObOJZN2vwLt93awpMqWI5qzuSbAeXTjgWzQjkd7XXdw1seemXMsJp0/d5ibqA==",
      "requires": {
        "@hapi/hoek": "6.x.x",
        "@hapi/joi": "15.x.x"
      },
      "dependencies": {
        "@hapi/hoek": {
          "version": "6.2.4",
          "resolved": "https://registry.npmjs.org/@hapi/hoek/-/hoek-6.2.4.tgz",
          "integrity": "sha512-HOJ20Kc93DkDVvjwHyHawPwPkX44sIrbXazAUDiUXaY2R9JwQGo2PhFfnQtdrsIe4igjG2fPgMra7NYw7qhy0A=="
        }
      }
    },
    "lru-cache": {
      "version": "4.1.5",
      "resolved": "https://registry.npmjs.org/lru-cache/-/lru-cache-4.1.5.tgz",
      "integrity": "sha512-sWZlbEP2OsHNkXrMl5GYk/jKk70MBng6UU4YI/qGDYbgf6YbP4EvmqISbXCoJiRKs+1bSpFHVgQxvJ17F2li5g==",
      "requires": {
        "pseudomap": "^1.0.2",
        "yallist": "^2.1.2"
      }
    },
    "mime-db": {
      "version": "1.47.0",
      "resolved": "https://registry.npmjs.org/mime-db/-/mime-db-1.47.0.tgz",
      "integrity": "sha512-QBmA/G2y+IfeS4oktet3qRZ+P5kPhCKRXxXnQEudYqUaEioAU1/Lq2us3D/t1Jfo4hE9REQPrbB7K5sOczJVIw=="
    },
    "pseudomap": {
      "version": "1.0.2",
      "resolved": "https://registry.npmjs.org/pseudomap/-/pseudomap-1.0.2.tgz",
      "integrity": "sha1-8FKijacOYYkX7wqKw0wa5aaChrM="
    },
    "yallist": {
      "version": "2.1.2",
      "resolved": "https://registry.npmjs.org/yallist/-/yallist-2.1.2.tgz",
      "integrity": "sha1-HBH5IY8HYImkfdUS+TxmmaaoHVI="
    }
  }
}
